
Microsoft Visual Studio Solution File, Format Version 12.00
# Visual Studio Version 17
VisualStudioVersion = 17.9.34622.214
MinimumVisualStudioVersion = 10.0.40219.1
Project("{FAE04EC0-301F-11D3-BF4B-00C04F79EFBC}") = "InsuRecord", "InsuRecord.csproj", "{D8AF8927-DC8C-43DB-9D95-ADD811A54EBF}"
EndProject
Global
	GlobalSection(SolutionConfigurationPlatforms) = preSolution
		Debug|Any CPU = Debug|Any CPU
		Release|Any CPU = Release|Any CPU
	EndGlobalSection
	GlobalSection(ProjectConfigurationPlatforms) = postSolution
		{D8AF8927-DC8C-43DB-9D95-ADD811A54EBF}.Debug|Any CPU.ActiveCfg = Debug|Any CPU
		{D8AF8927-DC8C-43DB-9D95-ADD811A54EBF}.Debug|Any CPU.Build.0 = Debug|Any CPU
		{D8AF8927-DC8C-43DB-9D95-ADD811A54EBF}.Release|Any CPU.ActiveCfg = Release|Any CPU
		{D8AF8927-DC8C-43DB-9D95-ADD811A54EBF}.Release|Any CPU.Build.0 = Release|Any CPU
	EndGlobalSection
	GlobalSection(SolutionProperties) = preSolution
		HideSolutionNode = FALSE
	EndGlobalSection
	GlobalSection(ExtensibilityGlobals) = postSolution
		SolutionGuid = {74E09CEC-EAB6-47D6-A9A4-DEF019B03C60}
	EndGlobalSection
EndGlobal
